
Microsoft Visual Studio Solution File, Format Version 12.00
# Visual Studio 15
VisualStudioVersion = 15.0.26124.0
MinimumVisualStudioVersion = 15.0.26124.0
Project("{9A19103F-16F7-4668-BE54-9A1E7A4F7556}") = "Csi.Extensions", "Csi.Extensions\Csi.Extensions.csproj", "{B1E6961C-6E77-4E26-A952-9BE51E33DE2A}"
EndProject
Global
	GlobalSection(SolutionConfigurationPlatforms) = preSolution
		Debug|Any CPU = Debug|Any CPU
		Debug|x64 = Debug|x64
		Debug|x86 = Debug|x86
		Release|Any CPU = Release|Any CPU
		Release|x64 = Release|x64
		Release|x86 = Release|x86
	EndGlobalSection
	GlobalSection(ProjectConfigurationPlatforms) = postSolution
		{B1E6961C-6E77-4E26-A952-9BE51E33DE2A}.Debug|Any CPU.ActiveCfg = Debug|Any CPU
		{B1E6961C-6E77-4E26-A952-9BE51E33DE2A}.Debug|Any CPU.Build.0 = Debug|Any CPU
		{B1E6961C-6E77-4E26-A952-9BE51E33DE2A}.Debug|x64.ActiveCfg = Debug|Any CPU
		{B1E6961C-6E77-4E26-A952-9BE51E33DE2A}.Debug|x64.Build.0 = Debug|Any CPU
		{B1E6961C-6E77-4E26-A952-9BE51E33DE2A}.Debug|x86.ActiveCfg = Debug|Any CPU
		{B1E6961C-6E77-4E26-A952-9BE51E33DE2A}.Debug|x86.Build.0 = Debug|Any CPU
		{B1E6961C-6E77-4E26-A952-9BE51E33DE2A}.Release|Any CPU.ActiveCfg = Release|Any CPU
		{B1E6961C-6E77-4E26-A952-9BE51E33DE2A}.Release|Any CPU.Build.0 = Release|Any CPU
		{B1E6961C-6E77-4E26-A952-9BE51E33DE2A}.Release|x64.ActiveCfg = Release|Any CPU
		{B1E6961C-6E77-4E26-A952-9BE51E33DE2A}.Release|x64.Build.0 = Release|Any CPU
		{B1E6961C-6E77-4E26-A952-9BE51E33DE2A}.Release|x86.ActiveCfg = Release|Any CPU
		{B1E6961C-6E77-4E26-A952-9BE51E33DE2A}.Release|x86.Build.0 = Release|Any CPU
	EndGlobalSection
	GlobalSection(SolutionProperties) = preSolution
		HideSolutionNode = FALSE
	EndGlobalSection
	GlobalSection(ExtensibilityGlobals) = postSolution
		SolutionGuid = {8017092B-35F0-4569-8DAD-C22E17249BBD}
	EndGlobalSection
EndGlobal
